
Microsoft Visual Studio Solution File, Format Version 12.00
# Visual Studio Version 16
VisualStudioVersion = 16.0.31624.102
MinimumVisualStudioVersion = 10.0.40219.1
Project("{FAE04EC0-301F-11D3-BF4B-00C04F79EFBC}") = "uzduotis is skaidres 2", "uzduotis is skaidres 2\uzduotis is skaidres 2.csproj", "{161F8A24-6557-44DA-8A42-9D68275D954E}"
EndProject
Global
	GlobalSection(SolutionConfigurationPlatforms) = preSolution
		Debug|Any CPU = Debug|Any CPU
		Release|Any CPU = Release|Any CPU
	EndGlobalSection
	GlobalSection(ProjectConfigurationPlatforms) = postSolution
		{161F8A24-6557-44DA-8A42-9D68275D954E}.Debug|Any CPU.ActiveCfg = Debug|Any CPU
		{161F8A24-6557-44DA-8A42-9D68275D954E}.Debug|Any CPU.Build.0 = Debug|Any CPU
		{161F8A24-6557-44DA-8A42-9D68275D954E}.Release|Any CPU.ActiveCfg = Release|Any CPU
		{161F8A24-6557-44DA-8A42-9D68275D954E}.Release|Any CPU.Build.0 = Release|Any CPU
	EndGlobalSection
	GlobalSection(SolutionProperties) = preSolution
		HideSolutionNode = FALSE
	EndGlobalSection
	GlobalSection(ExtensibilityGlobals) = postSolution
		SolutionGuid = {8BFC3048-D948-46E3-99F9-3951E1744C0A}
	EndGlobalSection
EndGlobal
