
Microsoft Visual Studio Solution File, Format Version 12.00
# Visual Studio Version 16
VisualStudioVersion = 16.0.31624.102
MinimumVisualStudioVersion = 10.0.40219.1
Project("{FAE04EC0-301F-11D3-BF4B-00C04F79EFBC}") = "Homework1.1", "Homework1.1\Homework1.1.csproj", "{2AEF5325-8109-4424-A8D4-DDA67461B994}"
EndProject
Global
	GlobalSection(SolutionConfigurationPlatforms) = preSolution
		Debug|Any CPU = Debug|Any CPU
		Release|Any CPU = Release|Any CPU
	EndGlobalSection
	GlobalSection(ProjectConfigurationPlatforms) = postSolution
		{2AEF5325-8109-4424-A8D4-DDA67461B994}.Debug|Any CPU.ActiveCfg = Debug|Any CPU
		{2AEF5325-8109-4424-A8D4-DDA67461B994}.Debug|Any CPU.Build.0 = Debug|Any CPU
		{2AEF5325-8109-4424-A8D4-DDA67461B994}.Release|Any CPU.ActiveCfg = Release|Any CPU
		{2AEF5325-8109-4424-A8D4-DDA67461B994}.Release|Any CPU.Build.0 = Release|Any CPU
	EndGlobalSection
	GlobalSection(SolutionProperties) = preSolution
		HideSolutionNode = FALSE
	EndGlobalSection
	GlobalSection(ExtensibilityGlobals) = postSolution
		SolutionGuid = {60F312F8-F55A-4ED6-A166-1967E0E4C8DF}
	EndGlobalSection
EndGlobal
