
Microsoft Visual Studio Solution File, Format Version 12.00
# Visual Studio Version 16
VisualStudioVersion = 16.0.31702.278
MinimumVisualStudioVersion = 10.0.40219.1
Project("{FAE04EC0-301F-11D3-BF4B-00C04F79EFBC}") = "6.4", "6.4\6.4.csproj", "{C60C875F-655A-46DB-AA89-BB8284B4159A}"
EndProject
Global
	GlobalSection(SolutionConfigurationPlatforms) = preSolution
		Debug|Any CPU = Debug|Any CPU
		Release|Any CPU = Release|Any CPU
	EndGlobalSection
	GlobalSection(ProjectConfigurationPlatforms) = postSolution
		{C60C875F-655A-46DB-AA89-BB8284B4159A}.Debug|Any CPU.ActiveCfg = Debug|Any CPU
		{C60C875F-655A-46DB-AA89-BB8284B4159A}.Debug|Any CPU.Build.0 = Debug|Any CPU
		{C60C875F-655A-46DB-AA89-BB8284B4159A}.Release|Any CPU.ActiveCfg = Release|Any CPU
		{C60C875F-655A-46DB-AA89-BB8284B4159A}.Release|Any CPU.Build.0 = Release|Any CPU
	EndGlobalSection
	GlobalSection(SolutionProperties) = preSolution
		HideSolutionNode = FALSE
	EndGlobalSection
	GlobalSection(ExtensibilityGlobals) = postSolution
		SolutionGuid = {AFFA2B49-0CBE-4A93-BAFF-47D5F4A50BA5}
	EndGlobalSection
EndGlobal
